
Microsoft Visual Studio Solution File, Format Version 12.00
Project("{FAE04EC0-301F-11D3-BF4B-00C04F79EFBC}") = "Babulle.AdventOfCode2025.Day2", "Babulle.AdventOfCode2025.Day2\Babulle.AdventOfCode2025.Day2.csproj", "{BDAB2352-DDE5-4174-8A1B-C5B5A1419759}"
EndProject
Global
	GlobalSection(SolutionConfigurationPlatforms) = preSolution
		Debug|Any CPU = Debug|Any CPU
		Release|Any CPU = Release|Any CPU
	EndGlobalSection
	GlobalSection(ProjectConfigurationPlatforms) = postSolution
		{BDAB2352-DDE5-4174-8A1B-C5B5A1419759}.Debug|Any CPU.ActiveCfg = Debug|Any CPU
		{BDAB2352-DDE5-4174-8A1B-C5B5A1419759}.Debug|Any CPU.Build.0 = Debug|Any CPU
		{BDAB2352-DDE5-4174-8A1B-C5B5A1419759}.Release|Any CPU.ActiveCfg = Release|Any CPU
		{BDAB2352-DDE5-4174-8A1B-C5B5A1419759}.Release|Any CPU.Build.0 = Release|Any CPU
	EndGlobalSection
EndGlobal
